// !$*UTF8*$!
{
	archiveVersion = 1;
	classes = {
	};
	objectVersion = 46;
	objects = {

/* Begin PBXBuildFile section */
		CF3EB3081A5FA277008C3E6B /* AppDelegate.swift in Sources */ = {isa = PBXBuildFile; fileRef = CF3EB3071A5FA277008C3E6B /* AppDelegate.swift */; };
		CF3EB30A1A5FA277008C3E6B /* ViewController.swift in Sources */ = {isa = PBXBuildFile; fileRef = CF3EB3091A5FA277008C3E6B /* ViewController.swift */; };
		CF3EB30D1A5FA277008C3E6B /* Main.storyboard in Resources */ = {isa = PBXBuildFile; fileRef = CF3EB30B1A5FA277008C3E6B /* Main.storyboard */; };
		CF3EB30F1A5FA277008C3E6B /* Images.xcassets in Resources */ = {isa = PBXBuildFile; fileRef = CF3EB30E1A5FA277008C3E6B /* Images.xcassets */; };
		CF3EB3121A5FA277008C3E6B /* LaunchScreen.xib in Resources */ = {isa = PBXBuildFile; fileRef = CF3EB3101A5FA277008C3E6B /* LaunchScreen.xib */; };
		CF3EB31E1A5FA277008C3E6B /* hogeTests.swift in Sources */ = {isa = PBXBuildFile; fileRef = CF3EB31D1A5FA277008C3E6B /* hogeTests.swift */; };
		CF8B00171A5FA4B70043F384 /* 1.6Mb.JPG in Resources */ = {isa = PBXBuildFile; fileRef = CF8B00161A5FA4B70043F384 /* 1.6Mb.JPG */; };
		CFE711881A5FBA830042C868 /* readme.md in Sources */ = {isa = PBXBuildFile; fileRef = CFE711871A5FBA830042C868 /* readme.md */; };
/* End PBXBuildFile section */

/* Begin PBXContainerItemProxy section */
		CF3EB3181A5FA277008C3E6B /* PBXContainerItemProxy */ = {
			isa = PBXContainerItemProxy;
			containerPortal = CF3EB2FA1A5FA276008C3E6B /* Project object */;
			proxyType = 1;
			remoteGlobalIDString = CF3EB3011A5FA277008C3E6B;
			remoteInfo = hoge;
		};
/* End PBXContainerItemProxy section */

/* Begin PBXFileReference section */
		CF3EB3021A5FA277008C3E6B /* hoge.app */ = {isa = PBXFileReference; explicitFileType = wrapper.application; includeInIndex = 0; path = hoge.app; sourceTree = BUILT_PRODUCTS_DIR; };
		CF3EB3061A5FA277008C3E6B /* Info.plist */ = {isa = PBXFileReference; lastKnownFileType = text.plist.xml; path = Info.plist; sourceTree = "<group>"; };
		CF3EB3071A5FA277008C3E6B /* AppDelegate.swift */ = {isa = PBXFileReference; lastKnownFileType = sourcecode.swift; path = AppDelegate.swift; sourceTree = "<group>"; };
		CF3EB3091A5FA277008C3E6B /* ViewController.swift */ = {isa = PBXFileReference; lastKnownFileType = sourcecode.swift; path = ViewController.swift; sourceTree = "<group>"; };
		CF3EB30C1A5FA277008C3E6B /* Base */ = {isa = PBXFileReference; lastKnownFileType = file.storyboard; name = Base; path = Base.lproj/Main.storyboard; sourceTree = "<group>"; };
		CF3EB30E1A5FA277008C3E6B /* Images.xcassets */ = {isa = PBXFileReference; lastKnownFileType = folder.assetcatalog; path = Images.xcassets; sourceTree = "<group>"; };
		CF3EB3111A5FA277008C3E6B /* Base */ = {isa = PBXFileReference; lastKnownFileType = file.xib; name = Base; path = Base.lproj/LaunchScreen.xib; sourceTree = "<group>"; };
		CF3EB3171A5FA277008C3E6B /* hogeTests.xctest */ = {isa = PBXFileReference; explicitFileType = wrapper.cfbundle; includeInIndex = 0; path = hogeTests.xctest; sourceTree = BUILT_PRODUCTS_DIR; };
		CF3EB31C1A5FA277008C3E6B /* Info.plist */ = {isa = PBXFileReference; lastKnownFileType = text.plist.xml; path = Info.plist; sourceTree = "<group>"; };
		CF3EB31D1A5FA277008C3E6B /* hogeTests.swift */ = {isa = PBXFileReference; lastKnownFileType = sourcecode.swift; path = hogeTests.swift; sourceTree = "<group>"; };
		CF8B00161A5FA4B70043F384 /* 1.6Mb.JPG */ = {isa = PBXFileReference; lastKnownFileType = image.jpeg; path = 1.6Mb.JPG; sourceTree = "<group>"; };
		CFE711871A5FBA830042C868 /* readme.md */ = {isa = PBXFileReference; fileEncoding = 4; lastKnownFileType = net.daringfireball.markdown; path = readme.md; sourceTree = "<group>"; };
/* End PBXFileReference section */

/* Begin PBXFrameworksBuildPhase section */
		CF3EB2FF1A5FA277008C3E6B /* Frameworks */ = {
			isa = PBXFrameworksBuildPhase;
			buildActionMask = 2147483647;
			files = (
			);
			runOnlyForDeploymentPostprocessing = 0;
		};
		CF3EB3141A5FA277008C3E6B /* Frameworks */ = {
			isa = PBXFrameworksBuildPhase;
			buildActionMask = 2147483647;
			files = (
			);
			runOnlyForDeploymentPostprocessing = 0;
		};
/* End PBXFrameworksBuildPhase section */

/* Begin PBXGroup section */
		CF3EB2F91A5FA276008C3E6B = {
			isa = PBXGroup;
			children = (
				CF3EB3041A5FA277008C3E6B /* hoge */,
				CF3EB31A1A5FA277008C3E6B /* hogeTests */,
				CF3EB3031A5FA277008C3E6B /* Products */,
			);
			sourceTree = "<group>";
		};
		CF3EB3031A5FA277008C3E6B /* Products */ = {
			isa = PBXGroup;
			children = (
				CF3EB3021A5FA277008C3E6B /* hoge.app */,
				CF3EB3171A5FA277008C3E6B /* hogeTests.xctest */,
			);
			name = Products;
			sourceTree = "<group>";
		};
		CF3EB3041A5FA277008C3E6B /* hoge */ = {
			isa = PBXGroup;
			children = (
				CF3EB3071A5FA277008C3E6B /* AppDelegate.swift */,
				CF8B00161A5FA4B70043F384 /* 1.6Mb.JPG */,
				CF3EB3091A5FA277008C3E6B /* ViewController.swift */,
				CF3EB30B1A5FA277008C3E6B /* Main.storyboard */,
				CF3EB30E1A5FA277008C3E6B /* Images.xcassets */,
				CF3EB3101A5FA277008C3E6B /* LaunchScreen.xib */,
				CF3EB3051A5FA277008C3E6B /* Supporting Files */,
				CFE711871A5FBA830042C868 /* readme.md */,
			);
			path = hoge;
			sourceTree = "<group>";
		};
		CF3EB3051A5FA277008C3E6B /* Supporting Files */ = {
			isa = PBXGroup;
			children = (
				CF3EB3061A5FA277008C3E6B /* Info.plist */,
			);
			name = "Supporting Files";
			sourceTree = "<group>";
		};
		CF3EB31A1A5FA277008C3E6B /* hogeTests */ = {
			isa = PBXGroup;
			children = (
				CF3EB31D1A5FA277008C3E6B /* hogeTests.swift */,
				CF3EB31B1A5FA277008C3E6B /* Supporting Files */,
			);
			path = hogeTests;
			sourceTree = "<group>";
		};
		CF3EB31B1A5FA277008C3E6B /* Supporting Files */ = {
			isa = PBXGroup;
			children = (
				CF3EB31C1A5FA277008C3E6B /* Info.plist */,
			);
			name = "Supporting Files";
			sourceTree = "<group>";
		};
/* End PBXGroup section */

/* Begin PBXNativeTarget section */
		CF3EB3011A5FA277008C3E6B /* hoge */ = {
			isa = PBXNativeTarget;
			buildConfigurationList = CF3EB3211A5FA277008C3E6B /* Build configuration list for PBXNativeTarget "hoge" */;
			buildPhases = (
				CF3EB2FE1A5FA277008C3E6B /* Sources */,
				CF3EB2FF1A5FA277008C3E6B /* Frameworks */,
				CF3EB3001A5FA277008C3E6B /* Resources */,
			);
			buildRules = (
			);
			dependencies = (
			);
			name = hoge;
			productName = hoge;
			productReference = CF3EB3021A5FA277008C3E6B /* hoge.app */;
			productType = "com.apple.product-type.application";
		};
		CF3EB3161A5FA277008C3E6B /* hogeTests */ = {
			isa = PBXNativeTarget;
			buildConfigurationList = CF3EB3241A5FA277008C3E6B /* Build configuration list for PBXNativeTarget "hogeTests" */;
			buildPhases = (
				CF3EB3131A5FA277008C3E6B /* Sources */,
				CF3EB3141A5FA277008C3E6B /* Frameworks */,
				CF3EB3151A5FA277008C3E6B /* Resources */,
			);
			buildRules = (
			);
			dependencies = (
				CF3EB3191A5FA277008C3E6B /* PBXTargetDependency */,
			);
			name = hogeTests;
			productName = hogeTests;
			productReference = CF3EB3171A5FA277008C3E6B /* hogeTests.xctest */;
			productType = "com.apple.product-type.bundle.unit-test";
		};
/* End PBXNativeTarget section */

/* Begin PBXProject section */
		CF3EB2FA1A5FA276008C3E6B /* Project object */ = {
			isa = PBXProject;
			attributes = {
				LastUpgradeCheck = 0610;
				ORGANIZATIONNAME = yuco.name;
				TargetAttributes = {
					CF3EB3011A5FA277008C3E6B = {
						CreatedOnToolsVersion = 6.1.1;
						DevelopmentTeam = 2GC96WDWAR;
					};
					CF3EB3161A5FA277008C3E6B = {
						CreatedOnToolsVersion = 6.1.1;
						TestTargetID = CF3EB3011A5FA277008C3E6B;
					};
				};
			};
			buildConfigurationList = CF3EB2FD1A5FA276008C3E6B /* Build configuration list for PBXProject "hoge" */;
			compatibilityVersion = "Xcode 3.2";
			developmentRegion = English;
			hasScannedForEncodings = 0;
			knownRegions = (
				en,
				Base,
			);
			mainGroup = CF3EB2F91A5FA276008C3E6B;
			productRefGroup = CF3EB3031A5FA277008C3E6B /* Products */;
			projectDirPath = "";
			projectRoot = "";
			targets = (
				CF3EB3011A5FA277008C3E6B /* hoge */,
				CF3EB3161A5FA277008C3E6B /* hogeTests */,
			);
		};
/* End PBXProject section */

/* Begin PBXResourcesBuildPhase section */
		CF3EB3001A5FA277008C3E6B /* Resources */ = {
			isa = PBXResourcesBuildPhase;
			buildActionMask = 2147483647;
			files = (
				CF8B00171A5FA4B70043F384 /* 1.6Mb.JPG in Resources */,
				CF3EB30D1A5FA277008C3E6B /* Main.storyboard in Resources */,
				CF3EB3121A5FA277008C3E6B /* LaunchScreen.xib in Resources */,
				CF3EB30F1A5FA277008C3E6B /* Images.xcassets in Resources */,
			);
			runOnlyForDeploymentPostprocessing = 0;
		};
		CF3EB3151A5FA277008C3E6B /* Resources */ = {
			isa = PBXResourcesBuildPhase;
			buildActionMask = 2147483647;
			files = (
			);
			runOnlyForDeploymentPostprocessing = 0;
		};
/* End PBXResourcesBuildPhase section */

/* Begin PBXSourcesBuildPhase section */
		CF3EB2FE1A5FA277008C3E6B /* Sources */ = {
			isa = PBXSourcesBuildPhase;
			buildActionMask = 2147483647;
			files = (
				CF3EB30A1A5FA277008C3E6B /* ViewController.swift in Sources */,
				CFE711881A5FBA830042C868 /* readme.md in Sources */,
				CF3EB3081A5FA277008C3E6B /* AppDelegate.swift in Sources */,
			);
			runOnlyForDeploymentPostprocessing = 0;
		};
		CF3EB3131A5FA277008C3E6B /* Sources */ = {
			isa = PBXSourcesBuildPhase;
			buildActionMask = 2147483647;
			files = (
				CF3EB31E1A5FA277008C3E6B /* hogeTests.swift in Sources */,
			);
			runOnlyForDeploymentPostprocessing = 0;
		};
/* End PBXSourcesBuildPhase section */

/* Begin PBXTargetDependency section */
		CF3EB3191A5FA277008C3E6B /* PBXTargetDependency */ = {
			isa = PBXTargetDependency;
			target = CF3EB3011A5FA277008C3E6B /* hoge */;
			targetProxy = CF3EB3181A5FA277008C3E6B /* PBXContainerItemProxy */;
		};
/* End PBXTargetDependency section */

/* Begin PBXVariantGroup section */
		CF3EB30B1A5FA277008C3E6B /* Main.storyboard */ = {
			isa = PBXVariantGroup;
			children = (
				CF3EB30C1A5FA277008C3E6B /* Base */,
			);
			name = Main.storyboard;
			sourceTree = "<group>";
		};
		CF3EB3101A5FA277008C3E6B /* LaunchScreen.xib */ = {
			isa = PBXVariantGroup;
			children = (
				CF3EB3111A5FA277008C3E6B /* Base */,
			);
			name = LaunchScreen.xib;
			sourceTree = "<group>";
		};
/* End PBXVariantGroup section */

/* Begin XCBuildConfiguration section */
		CF3EB31F1A5FA277008C3E6B /* Debug */ = {
			isa = XCBuildConfiguration;
			buildSettings = {
				ALWAYS_SEARCH_USER_PATHS = NO;
				CLANG_CXX_LANGUAGE_STANDARD = "gnu++0x";
				CLANG_CXX_LIBRARY = "libc++";
				CLANG_ENABLE_MODULES = YES;
				CLANG_ENABLE_OBJC_ARC = YES;
				CLANG_WARN_BOOL_CONVERSION = YES;
				CLANG_WARN_CONSTANT_CONVERSION = YES;
				CLANG_WARN_DIRECT_OBJC_ISA_USAGE = YES_ERROR;
				CLANG_WARN_EMPTY_BODY = YES;
				CLANG_WARN_ENUM_CONVERSION = YES;
				CLANG_WARN_INT_CONVERSION = YES;
				CLANG_WARN_OBJC_ROOT_CLASS = YES_ERROR;
				CLANG_WARN_UNREACHABLE_CODE = YES;
				CLANG_WARN__DUPLICATE_METHOD_MATCH = YES;
				"CODE_SIGN_IDENTITY[sdk=iphoneos*]" = "iPhone Developer";
				COPY_PHASE_STRIP = NO;
				ENABLE_STRICT_OBJC_MSGSEND = YES;
				GCC_C_LANGUAGE_STANDARD = gnu99;
				GCC_DYNAMIC_NO_PIC = NO;
				GCC_OPTIMIZATION_LEVEL = 0;
				GCC_PREPROCESSOR_DEFINITIONS = (
					"DEBUG=1",
					"$(inherited)",
				);
				GCC_SYMBOLS_PRIVATE_EXTERN = NO;
				GCC_WARN_64_TO_32_BIT_CONVERSION = YES;
				GCC_WARN_ABOUT_RETURN_TYPE = YES_ERROR;
				GCC_WARN_UNDECLARED_SELECTOR = YES;
				GCC_WARN_UNINITIALIZED_AUTOS = YES_AGGRESSIVE;
				GCC_WARN_UNUSED_FUNCTION = YES;
				GCC_WARN_UNUSED_VARIABLE = YES;
				IPHONEOS_DEPLOYMENT_TARGET = 8.1;
				MTL_ENABLE_DEBUG_INFO = YES;
				ONLY_ACTIVE_ARCH = YES;
				SDKROOT = iphoneos;
				SWIFT_OPTIMIZATION_LEVEL = "-Onone";
			};
			name = Debug;
		};
		CF3EB3201A5FA277008C3E6B /* Release */ = {
			isa = XCBuildConfiguration;
			buildSettings = {
				ALWAYS_SEARCH_USER_PATHS = NO;
				CLANG_CXX_LANGUAGE_STANDARD = "gnu++0x";
				CLANG_CXX_LIBRARY = "libc++";
				CLANG_ENABLE_MODULES = YES;
				CLANG_ENABLE_OBJC_ARC = YES;
				CLANG_WARN_BOOL_CONVERSION = YES;
				CLANG_WARN_CONSTANT_CONVERSION = YES;
				CLANG_WARN_DIRECT_OBJC_ISA_USAGE = YES_ERROR;
				CLANG_WARN_EMPTY_BODY = YES;
				CLANG_WARN_ENUM_CONVERSION = YES;
				CLANG_WARN_INT_CONVERSION = YES;
				CLANG_WARN_OBJC_ROOT_CLASS = YES_ERROR;
				CLANG_WARN_UNREACHABLE_CODE = YES;
				CLANG_WARN__DUPLICATE_METHOD_MATCH = YES;
				"CODE_SIGN_IDENTITY[sdk=iphoneos*]" = "iPhone Developer";
				COPY_PHASE_STRIP = YES;
				ENABLE_NS_ASSERTIONS = NO;
				ENABLE_STRICT_OBJC_MSGSEND = YES;
				GCC_C_LANGUAGE_STANDARD = gnu99;
				GCC_WARN_64_TO_32_BIT_CONVERSION = YES;
				GCC_WARN_ABOUT_RETURN_TYPE = YES_ERROR;
				GCC_WARN_UNDECLARED_SELECTOR = YES;
				GCC_WARN_UNINITIALIZED_AUTOS = YES_AGGRESSIVE;
				GCC_WARN_UNUSED_FUNCTION = YES;
				GCC_WARN_UNUSED_VARIABLE = YES;
				IPHONEOS_DEPLOYMENT_TARGET = 8.1;
				MTL_ENABLE_DEBUG_INFO = NO;
				SDKROOT = iphoneos;
				VALIDATE_PRODUCT = YES;
			};
			name = Release;
		};
		CF3EB3221A5FA277008C3E6B /* Debug */ = {
			isa = XCBuildConfiguration;
			buildSettings = {
				ASSETCATALOG_COMPILER_APPICON_NAME = AppIcon;
				CODE_SIGN_IDENTITY = "iPhone Developer";
				"CODE_SIGN_IDENTITY[sdk=iphoneos*]" = "iPhone Developer";
				INFOPLIST_FILE = hoge/Info.plist;
				LD_RUNPATH_SEARCH_PATHS = "$(inherited) @executable_path/Frameworks";
				PRODUCT_NAME = "$(TARGET_NAME)";
				PROVISIONING_PROFILE = "";
			};
			name = Debug;
		};
		CF3EB3231A5FA277008C3E6B /* Release */ = {
			isa = XCBuildConfiguration;
			buildSettings = {
				ASSETCATALOG_COMPILER_APPICON_NAME = AppIcon;
				CODE_SIGN_IDENTITY = "iPhone Developer";
				"CODE_SIGN_IDENTITY[sdk=iphoneos*]" = "iPhone Developer";
				INFOPLIST_FILE = hoge/Info.plist;
				LD_RUNPATH_SEARCH_PATHS = "$(inherited) @executable_path/Frameworks";
				PRODUCT_NAME = "$(TARGET_NAME)";
				PROVISIONING_PROFILE = "";
			};
			name = Release;
		};
		CF3EB3251A5FA277008C3E6B /* Debug */ = {
			isa = XCBuildConfiguration;
			buildSettings = {
				BUNDLE_LOADER = "$(TEST_HOST)";
				FRAMEWORK_SEARCH_PATHS = (
					"$(SDKROOT)/Developer/Library/Frameworks",
					"$(inherited)",
				);
				GCC_PREPROCESSOR_DEFINITIONS = (
					"DEBUG=1",
					"$(inherited)",
				);
				INFOPLIST_FILE = hogeTests/Info.plist;
				LD_RUNPATH_SEARCH_PATHS = "$(inherited) @executable_path/Frameworks @loader_path/Frameworks";
				PRODUCT_NAME = "$(TARGET_NAME)";
				TEST_HOST = "$(BUILT_PRODUCTS_DIR)/hoge.app/hoge";
			};
			name = Debug;
		};
		CF3EB3261A5FA277008C3E6B /* Release */ = {
			isa = XCBuildConfiguration;
			buildSettings = {
				BUNDLE_LOADER = "$(TEST_HOST)";
				FRAMEWORK_SEARCH_PATHS = (
					"$(SDKROOT)/Developer/Library/Frameworks",
					"$(inherited)",
				);
				INFOPLIST_FILE = hogeTests/Info.plist;
				LD_RUNPATH_SEARCH_PATHS = "$(inherited) @executable_path/Frameworks @loader_path/Frameworks";
				PRODUCT_NAME = "$(TARGET_NAME)";
				TEST_HOST = "$(BUILT_PRODUCTS_DIR)/hoge.app/hoge";
			};
			name = Release;
		};
/* End XCBuildConfiguration section */

/* Begin XCConfigurationList section */
		CF3EB2FD1A5FA276008C3E6B /* Build configuration list for PBXProject "hoge" */ = {
			isa = XCConfigurationList;
			buildConfigurations = (
				CF3EB31F1A5FA277008C3E6B /* Debug */,
				CF3EB3201A5FA277008C3E6B /* Release */,
			);
			defaultConfigurationIsVisible = 0;
			defaultConfigurationName = Release;
		};
		CF3EB3211A5FA277008C3E6B /* Build configuration list for PBXNativeTarget "hoge" */ = {
			isa = XCConfigurationList;
			buildConfigurations = (
				CF3EB3221A5FA277008C3E6B /* Debug */,
				CF3EB3231A5FA277008C3E6B /* Release */,
			);
			defaultConfigurationIsVisible = 0;
			defaultConfigurationName = Release;
		};
		CF3EB3241A5FA277008C3E6B /* Build configuration list for PBXNativeTarget "hogeTests" */ = {
			isa = XCConfigurationList;
			buildConfigurations = (
				CF3EB3251A5FA277008C3E6B /* Debug */,
				CF3EB3261A5FA277008C3E6B /* Release */,
			);
			defaultConfigurationIsVisible = 0;
			defaultConfigurationName = Release;
		};
/* End XCConfigurationList section */
	};
	rootObject = CF3EB2FA1A5FA276008C3E6B /* Project object */;
}
